
Microsoft Visual Studio Solution File, Format Version 12.00
# Visual Studio Version 17
VisualStudioVersion = 17.12.35527.113 d17.12
MinimumVisualStudioVersion = 10.0.40219.1
Project("{FAE04EC0-301F-11D3-BF4B-00C04F79EFBC}") = "plc_haberlesme_SON", "plc_haberlesme_SON\plc_haberlesme_SON.csproj", "{F254ED04-BCC2-4856-90C0-959108AB1E61}"
EndProject
Global
	GlobalSection(SolutionConfigurationPlatforms) = preSolution
		Debug|Any CPU = Debug|Any CPU
		Release|Any CPU = Release|Any CPU
	EndGlobalSection
	GlobalSection(ProjectConfigurationPlatforms) = postSolution
		{F254ED04-BCC2-4856-90C0-959108AB1E61}.Debug|Any CPU.ActiveCfg = Debug|Any CPU
		{F254ED04-BCC2-4856-90C0-959108AB1E61}.Debug|Any CPU.Build.0 = Debug|Any CPU
		{F254ED04-BCC2-4856-90C0-959108AB1E61}.Release|Any CPU.ActiveCfg = Release|Any CPU
		{F254ED04-BCC2-4856-90C0-959108AB1E61}.Release|Any CPU.Build.0 = Release|Any CPU
	EndGlobalSection
	GlobalSection(SolutionProperties) = preSolution
		HideSolutionNode = FALSE
	EndGlobalSection
EndGlobal
